// !$*UTF8*$!
{
	archiveVersion = 1;
	classes = {
	};
	objectVersion = 46;
	objects = {

/* Begin PBXBuildFile section */
		1BC48F711FDA2A4C000E77E5 /* UserData.swift in Sources */ = {isa = PBXBuildFile; fileRef = 1BC48F701FDA2A4C000E77E5 /* UserData.swift */; };
		6E57F1A41FCE8C3F009132B2 /* Lesson.swift in Sources */ = {isa = PBXBuildFile; fileRef = 6E57F1A31FCE8C3F009132B2 /* Lesson.swift */; };
		6E57F1A61FCE9441009132B2 /* User.swift in Sources */ = {isa = PBXBuildFile; fileRef = 6E57F1A51FCE9441009132B2 /* User.swift */; };
		6E57F1AC1FCE9774009132B2 /* Applause.swift in Sources */ = {isa = PBXBuildFile; fileRef = 6E57F1AB1FCE9774009132B2 /* Applause.swift */; };
		6E57F1AE1FCE99D8009132B2 /* UserEvent.swift in Sources */ = {isa = PBXBuildFile; fileRef = 6E57F1AD1FCE99D8009132B2 /* UserEvent.swift */; };
		6E57F1B01FCE9A93009132B2 /* LessonCompleteEvent.swift in Sources */ = {isa = PBXBuildFile; fileRef = 6E57F1AF1FCE9A93009132B2 /* LessonCompleteEvent.swift */; };
		6E57F1B21FCEA10B009132B2 /* TreeNode.swift in Sources */ = {isa = PBXBuildFile; fileRef = 6E57F1B11FCEA10B009132B2 /* TreeNode.swift */; };
		6E57F1B41FCEA546009132B2 /* RecordLesson.swift in Sources */ = {isa = PBXBuildFile; fileRef = 6E57F1B31FCEA546009132B2 /* RecordLesson.swift */; };
		F1405E541FCA3E17007F6305 /* FriendsViewController.swift in Sources */ = {isa = PBXBuildFile; fileRef = F1405E531FCA3E17007F6305 /* FriendsViewController.swift */; };
		F1405E561FCB6E2C007F6305 /* GoalsViewController.swift in Sources */ = {isa = PBXBuildFile; fileRef = F1405E551FCB6E2C007F6305 /* GoalsViewController.swift */; };
		F1405E581FCB8460007F6305 /* SelectGoalViewController.swift in Sources */ = {isa = PBXBuildFile; fileRef = F1405E571FCB8460007F6305 /* SelectGoalViewController.swift */; };
		F1405E5A1FCB8808007F6305 /* GoalCollectionViewCell.swift in Sources */ = {isa = PBXBuildFile; fileRef = F1405E591FCB8808007F6305 /* GoalCollectionViewCell.swift */; };
		F1405E5C1FCB89B8007F6305 /* GoalData.swift in Sources */ = {isa = PBXBuildFile; fileRef = F1405E5B1FCB89B8007F6305 /* GoalData.swift */; };
		F14906C41FDA995F00D12D56 /* LessonsCollectionViewCell.swift in Sources */ = {isa = PBXBuildFile; fileRef = F14906C31FDA995F00D12D56 /* LessonsCollectionViewCell.swift */; };
		F16D8E0F1FCF893600F53040 /* Model.xcdatamodeld in Sources */ = {isa = PBXBuildFile; fileRef = F16D8E0D1FCF893600F53040 /* Model.xcdatamodeld */; };
		F1AA7A081FCBE03D003D6769 /* LessonsCollectionViewController.swift in Sources */ = {isa = PBXBuildFile; fileRef = F1AA7A071FCBE03D003D6769 /* LessonsCollectionViewController.swift */; };
		F1AA7A0A1FCCC56D003D6769 /* Goal.swift in Sources */ = {isa = PBXBuildFile; fileRef = F1AA7A091FCCC56D003D6769 /* Goal.swift */; };
		F1ADCC161FBF91F000DCB57A /* AppDelegate.swift in Sources */ = {isa = PBXBuildFile; fileRef = F1ADCC151FBF91F000DCB57A /* AppDelegate.swift */; };
		F1ADCC1D1FBF91F000DCB57A /* Main.storyboard in Resources */ = {isa = PBXBuildFile; fileRef = F1ADCC1B1FBF91F000DCB57A /* Main.storyboard */; };
		F1ADCC1F1FBF91F000DCB57A /* Assets.xcassets in Resources */ = {isa = PBXBuildFile; fileRef = F1ADCC1E1FBF91F000DCB57A /* Assets.xcassets */; };
		F1ADCC221FBF91F000DCB57A /* LaunchScreen.storyboard in Resources */ = {isa = PBXBuildFile; fileRef = F1ADCC201FBF91F000DCB57A /* LaunchScreen.storyboard */; };
/* End PBXBuildFile section */

/* Begin PBXFileReference section */
		1BC48F701FDA2A4C000E77E5 /* UserData.swift */ = {isa = PBXFileReference; fileEncoding = 4; lastKnownFileType = sourcecode.swift; path = UserData.swift; sourceTree = "<group>"; };
		6E57F1A31FCE8C3F009132B2 /* Lesson.swift */ = {isa = PBXFileReference; lastKnownFileType = sourcecode.swift; path = Lesson.swift; sourceTree = "<group>"; };
		6E57F1A51FCE9441009132B2 /* User.swift */ = {isa = PBXFileReference; lastKnownFileType = sourcecode.swift; path = User.swift; sourceTree = "<group>"; };
		6E57F1AB1FCE9774009132B2 /* Applause.swift */ = {isa = PBXFileReference; lastKnownFileType = sourcecode.swift; path = Applause.swift; sourceTree = "<group>"; };
		6E57F1AD1FCE99D8009132B2 /* UserEvent.swift */ = {isa = PBXFileReference; lastKnownFileType = sourcecode.swift; path = UserEvent.swift; sourceTree = "<group>"; };
		6E57F1AF1FCE9A93009132B2 /* LessonCompleteEvent.swift */ = {isa = PBXFileReference; lastKnownFileType = sourcecode.swift; path = LessonCompleteEvent.swift; sourceTree = "<group>"; };
		6E57F1B11FCEA10B009132B2 /* TreeNode.swift */ = {isa = PBXFileReference; lastKnownFileType = sourcecode.swift; path = TreeNode.swift; sourceTree = "<group>"; };
		6E57F1B31FCEA546009132B2 /* RecordLesson.swift */ = {isa = PBXFileReference; lastKnownFileType = sourcecode.swift; path = RecordLesson.swift; sourceTree = "<group>"; };
		F1405E531FCA3E17007F6305 /* FriendsViewController.swift */ = {isa = PBXFileReference; fileEncoding = 4; lastKnownFileType = sourcecode.swift; path = FriendsViewController.swift; sourceTree = "<group>"; };
		F1405E551FCB6E2C007F6305 /* GoalsViewController.swift */ = {isa = PBXFileReference; fileEncoding = 4; lastKnownFileType = sourcecode.swift; path = GoalsViewController.swift; sourceTree = "<group>"; };
		F1405E571FCB8460007F6305 /* SelectGoalViewController.swift */ = {isa = PBXFileReference; fileEncoding = 4; lastKnownFileType = sourcecode.swift; path = SelectGoalViewController.swift; sourceTree = "<group>"; };
		F1405E591FCB8808007F6305 /* GoalCollectionViewCell.swift */ = {isa = PBXFileReference; fileEncoding = 4; lastKnownFileType = sourcecode.swift; path = GoalCollectionViewCell.swift; sourceTree = "<group>"; };
		F1405E5B1FCB89B8007F6305 /* GoalData.swift */ = {isa = PBXFileReference; fileEncoding = 4; lastKnownFileType = sourcecode.swift; path = GoalData.swift; sourceTree = "<group>"; };
		F14906C31FDA995F00D12D56 /* LessonsCollectionViewCell.swift */ = {isa = PBXFileReference; fileEncoding = 4; lastKnownFileType = sourcecode.swift; path = LessonsCollectionViewCell.swift; sourceTree = "<group>"; };
		F16D8E0E1FCF893600F53040 /* Model.xcdatamodel */ = {isa = PBXFileReference; lastKnownFileType = wrapper.xcdatamodel; path = Model.xcdatamodel; sourceTree = "<group>"; };
		F1AA7A071FCBE03D003D6769 /* LessonsCollectionViewController.swift */ = {isa = PBXFileReference; fileEncoding = 4; lastKnownFileType = sourcecode.swift; path = LessonsCollectionViewController.swift; sourceTree = "<group>"; };
		F1AA7A091FCCC56D003D6769 /* Goal.swift */ = {isa = PBXFileReference; fileEncoding = 4; lastKnownFileType = sourcecode.swift; path = Goal.swift; sourceTree = "<group>"; };
		F1ADCC121FBF91F000DCB57A /* halfstep.app */ = {isa = PBXFileReference; explicitFileType = wrapper.application; includeInIndex = 0; path = halfstep.app; sourceTree = BUILT_PRODUCTS_DIR; };
		F1ADCC151FBF91F000DCB57A /* AppDelegate.swift */ = {isa = PBXFileReference; lastKnownFileType = sourcecode.swift; path = AppDelegate.swift; sourceTree = "<group>"; };
		F1ADCC1C1FBF91F000DCB57A /* Base */ = {isa = PBXFileReference; lastKnownFileType = file.storyboard; name = Base; path = Base.lproj/Main.storyboard; sourceTree = "<group>"; };
		F1ADCC1E1FBF91F000DCB57A /* Assets.xcassets */ = {isa = PBXFileReference; lastKnownFileType = folder.assetcatalog; path = Assets.xcassets; sourceTree = "<group>"; };
		F1ADCC211FBF91F000DCB57A /* Base */ = {isa = PBXFileReference; lastKnownFileType = file.storyboard; name = Base; path = Base.lproj/LaunchScreen.storyboard; sourceTree = "<group>"; };
		F1ADCC231FBF91F000DCB57A /* Info.plist */ = {isa = PBXFileReference; lastKnownFileType = text.plist.xml; path = Info.plist; sourceTree = "<group>"; };
/* End PBXFileReference section */

/* Begin PBXFrameworksBuildPhase section */
		F1ADCC0F1FBF91F000DCB57A /* Frameworks */ = {
			isa = PBXFrameworksBuildPhase;
			buildActionMask = 2147483647;
			files = (
			);
			runOnlyForDeploymentPostprocessing = 0;
		};
/* End PBXFrameworksBuildPhase section */

/* Begin PBXGroup section */
		F1405E521FCA386D007F6305 /* Supporting Files */ = {
			isa = PBXGroup;
			children = (
				F16D8E0D1FCF893600F53040 /* Model.xcdatamodeld */,
				F1ADCC201FBF91F000DCB57A /* LaunchScreen.storyboard */,
				F1ADCC151FBF91F000DCB57A /* AppDelegate.swift */,
				F1ADCC1E1FBF91F000DCB57A /* Assets.xcassets */,
				F1ADCC231FBF91F000DCB57A /* Info.plist */,
			);
			name = "Supporting Files";
			sourceTree = "<group>";
		};
		F1ADCC091FBF91F000DCB57A = {
			isa = PBXGroup;
			children = (
				F1ADCC141FBF91F000DCB57A /* halfstep */,
				F1ADCC131FBF91F000DCB57A /* Products */,
			);
			sourceTree = "<group>";
		};
		F1ADCC131FBF91F000DCB57A /* Products */ = {
			isa = PBXGroup;
			children = (
				F1ADCC121FBF91F000DCB57A /* halfstep.app */,
			);
			name = Products;
			sourceTree = "<group>";
		};
		F1ADCC141FBF91F000DCB57A /* halfstep */ = {
			isa = PBXGroup;
			children = (
				F1405E521FCA386D007F6305 /* Supporting Files */,
				F1ADCC1B1FBF91F000DCB57A /* Main.storyboard */,
				6E57F1AB1FCE9774009132B2 /* Applause.swift */,
				6E57F1B31FCEA546009132B2 /* RecordLesson.swift */,
				F1405E5B1FCB89B8007F6305 /* GoalData.swift */,
				1BC48F701FDA2A4C000E77E5 /* UserData.swift */,
				6E57F1AD1FCE99D8009132B2 /* UserEvent.swift */,
				6E57F1AF1FCE9A93009132B2 /* LessonCompleteEvent.swift */,
				6E57F1B11FCEA10B009132B2 /* TreeNode.swift */,
				F1405E571FCB8460007F6305 /* SelectGoalViewController.swift */,
				F1405E531FCA3E17007F6305 /* FriendsViewController.swift */,
				F1405E551FCB6E2C007F6305 /* GoalsViewController.swift */,
				F1AA7A071FCBE03D003D6769 /* LessonsCollectionViewController.swift */,
				F14906C31FDA995F00D12D56 /* LessonsCollectionViewCell.swift */,
				F1405E591FCB8808007F6305 /* GoalCollectionViewCell.swift */,
				F1AA7A091FCCC56D003D6769 /* Goal.swift */,
				6E57F1A31FCE8C3F009132B2 /* Lesson.swift */,
				6E57F1A51FCE9441009132B2 /* User.swift */,
			);
			path = halfstep;
			sourceTree = "<group>";
		};
/* End PBXGroup section */

/* Begin PBXNativeTarget section */
		F1ADCC111FBF91F000DCB57A /* halfstep */ = {
			isa = PBXNativeTarget;
			buildConfigurationList = F1ADCC261FBF91F000DCB57A /* Build configuration list for PBXNativeTarget "halfstep" */;
			buildPhases = (
				F1ADCC0E1FBF91F000DCB57A /* Sources */,
				F1ADCC0F1FBF91F000DCB57A /* Frameworks */,
				F1ADCC101FBF91F000DCB57A /* Resources */,
			);
			buildRules = (
			);
			dependencies = (
			);
			name = halfstep;
			productName = halfstep;
			productReference = F1ADCC121FBF91F000DCB57A /* halfstep.app */;
			productType = "com.apple.product-type.application";
		};
/* End PBXNativeTarget section */

/* Begin PBXProject section */
		F1ADCC0A1FBF91F000DCB57A /* Project object */ = {
			isa = PBXProject;
			attributes = {
				LastSwiftUpdateCheck = 0830;
				LastUpgradeCheck = 0830;
				ORGANIZATIONNAME = "CS 147";
				TargetAttributes = {
					F1ADCC111FBF91F000DCB57A = {
						CreatedOnToolsVersion = 8.3.3;
						ProvisioningStyle = Automatic;
					};
				};
			};
			buildConfigurationList = F1ADCC0D1FBF91F000DCB57A /* Build configuration list for PBXProject "halfstep" */;
			compatibilityVersion = "Xcode 3.2";
			developmentRegion = English;
			hasScannedForEncodings = 0;
			knownRegions = (
				en,
				Base,
			);
			mainGroup = F1ADCC091FBF91F000DCB57A;
			productRefGroup = F1ADCC131FBF91F000DCB57A /* Products */;
			projectDirPath = "";
			projectRoot = "";
			targets = (
				F1ADCC111FBF91F000DCB57A /* halfstep */,
			);
		};
/* End PBXProject section */

/* Begin PBXResourcesBuildPhase section */
		F1ADCC101FBF91F000DCB57A /* Resources */ = {
			isa = PBXResourcesBuildPhase;
			buildActionMask = 2147483647;
			files = (
				F1ADCC221FBF91F000DCB57A /* LaunchScreen.storyboard in Resources */,
				F1ADCC1F1FBF91F000DCB57A /* Assets.xcassets in Resources */,
				F1ADCC1D1FBF91F000DCB57A /* Main.storyboard in Resources */,
			);
			runOnlyForDeploymentPostprocessing = 0;
		};
/* End PBXResourcesBuildPhase section */

/* Begin PBXSourcesBuildPhase section */
		F1ADCC0E1FBF91F000DCB57A /* Sources */ = {
			isa = PBXSourcesBuildPhase;
			buildActionMask = 2147483647;
			files = (
				6E57F1A41FCE8C3F009132B2 /* Lesson.swift in Sources */,
				F1AA7A0A1FCCC56D003D6769 /* Goal.swift in Sources */,
				6E57F1B01FCE9A93009132B2 /* LessonCompleteEvent.swift in Sources */,
				F1AA7A081FCBE03D003D6769 /* LessonsCollectionViewController.swift in Sources */,
				F14906C41FDA995F00D12D56 /* LessonsCollectionViewCell.swift in Sources */,
				F1405E5C1FCB89B8007F6305 /* GoalData.swift in Sources */,
				F1405E5A1FCB8808007F6305 /* GoalCollectionViewCell.swift in Sources */,
				F1405E541FCA3E17007F6305 /* FriendsViewController.swift in Sources */,
				F1405E561FCB6E2C007F6305 /* GoalsViewController.swift in Sources */,
				6E57F1B41FCEA546009132B2 /* RecordLesson.swift in Sources */,
				F1ADCC161FBF91F000DCB57A /* AppDelegate.swift in Sources */,
				6E57F1A61FCE9441009132B2 /* User.swift in Sources */,
				F16D8E0F1FCF893600F53040 /* Model.xcdatamodeld in Sources */,
				6E57F1AC1FCE9774009132B2 /* Applause.swift in Sources */,
				1BC48F711FDA2A4C000E77E5 /* UserData.swift in Sources */,
				6E57F1AE1FCE99D8009132B2 /* UserEvent.swift in Sources */,
				F1405E581FCB8460007F6305 /* SelectGoalViewController.swift in Sources */,
				6E57F1B21FCEA10B009132B2 /* TreeNode.swift in Sources */,
			);
			runOnlyForDeploymentPostprocessing = 0;
		};
/* End PBXSourcesBuildPhase section */

/* Begin PBXVariantGroup section */
		F1ADCC1B1FBF91F000DCB57A /* Main.storyboard */ = {
			isa = PBXVariantGroup;
			children = (
				F1ADCC1C1FBF91F000DCB57A /* Base */,
			);
			name = Main.storyboard;
			sourceTree = "<group>";
		};
		F1ADCC201FBF91F000DCB57A /* LaunchScreen.storyboard */ = {
			isa = PBXVariantGroup;
			children = (
				F1ADCC211FBF91F000DCB57A /* Base */,
			);
			name = LaunchScreen.storyboard;
			sourceTree = "<group>";
		};
/* End PBXVariantGroup section */

/* Begin XCBuildConfiguration section */
		F1ADCC241FBF91F000DCB57A /* Debug */ = {
			isa = XCBuildConfiguration;
			buildSettings = {
				ALWAYS_SEARCH_USER_PATHS = NO;
				CLANG_ANALYZER_NONNULL = YES;
				CLANG_ANALYZER_NUMBER_OBJECT_CONVERSION = YES_AGGRESSIVE;
				CLANG_CXX_LANGUAGE_STANDARD = "gnu++0x";
				CLANG_CXX_LIBRARY = "libc++";
				CLANG_ENABLE_MODULES = YES;
				CLANG_ENABLE_OBJC_ARC = YES;
				CLANG_WARN_BOOL_CONVERSION = YES;
				CLANG_WARN_CONSTANT_CONVERSION = YES;
				CLANG_WARN_DIRECT_OBJC_ISA_USAGE = YES_ERROR;
				CLANG_WARN_DOCUMENTATION_COMMENTS = YES;
				CLANG_WARN_EMPTY_BODY = YES;
				CLANG_WARN_ENUM_CONVERSION = YES;
				CLANG_WARN_INFINITE_RECURSION = YES;
				CLANG_WARN_INT_CONVERSION = YES;
				CLANG_WARN_OBJC_ROOT_CLASS = YES_ERROR;
				CLANG_WARN_SUSPICIOUS_MOVE = YES;
				CLANG_WARN_UNREACHABLE_CODE = YES;
				CLANG_WARN__DUPLICATE_METHOD_MATCH = YES;
				"CODE_SIGN_IDENTITY[sdk=iphoneos*]" = "iPhone Developer";
				COPY_PHASE_STRIP = NO;
				DEBUG_INFORMATION_FORMAT = dwarf;
				ENABLE_STRICT_OBJC_MSGSEND = YES;
				ENABLE_TESTABILITY = YES;
				GCC_C_LANGUAGE_STANDARD = gnu99;
				GCC_DYNAMIC_NO_PIC = NO;
				GCC_NO_COMMON_BLOCKS = YES;
				GCC_OPTIMIZATION_LEVEL = 0;
				GCC_PREPROCESSOR_DEFINITIONS = (
					"DEBUG=1",
					"$(inherited)",
				);
				GCC_WARN_64_TO_32_BIT_CONVERSION = YES;
				GCC_WARN_ABOUT_RETURN_TYPE = YES_ERROR;
				GCC_WARN_UNDECLARED_SELECTOR = YES;
				GCC_WARN_UNINITIALIZED_AUTOS = YES_AGGRESSIVE;
				GCC_WARN_UNUSED_FUNCTION = YES;
				GCC_WARN_UNUSED_VARIABLE = YES;
				IPHONEOS_DEPLOYMENT_TARGET = 10.3;
				MTL_ENABLE_DEBUG_INFO = YES;
				ONLY_ACTIVE_ARCH = YES;
				SDKROOT = iphoneos;
				SWIFT_ACTIVE_COMPILATION_CONDITIONS = DEBUG;
				SWIFT_OPTIMIZATION_LEVEL = "-Onone";
			};
			name = Debug;
		};
		F1ADCC251FBF91F000DCB57A /* Release */ = {
			isa = XCBuildConfiguration;
			buildSettings = {
				ALWAYS_SEARCH_USER_PATHS = NO;
				CLANG_ANALYZER_NONNULL = YES;
				CLANG_ANALYZER_NUMBER_OBJECT_CONVERSION = YES_AGGRESSIVE;
				CLANG_CXX_LANGUAGE_STANDARD = "gnu++0x";
				CLANG_CXX_LIBRARY = "libc++";
				CLANG_ENABLE_MODULES = YES;
				CLANG_ENABLE_OBJC_ARC = YES;
				CLANG_WARN_BOOL_CONVERSION = YES;
				CLANG_WARN_CONSTANT_CONVERSION = YES;
				CLANG_WARN_DIRECT_OBJC_ISA_USAGE = YES_ERROR;
				CLANG_WARN_DOCUMENTATION_COMMENTS = YES;
				CLANG_WARN_EMPTY_BODY = YES;
				CLANG_WARN_ENUM_CONVERSION = YES;
				CLANG_WARN_INFINITE_RECURSION = YES;
				CLANG_WARN_INT_CONVERSION = YES;
				CLANG_WARN_OBJC_ROOT_CLASS = YES_ERROR;
				CLANG_WARN_SUSPICIOUS_MOVE = YES;
				CLANG_WARN_UNREACHABLE_CODE = YES;
				CLANG_WARN__DUPLICATE_METHOD_MATCH = YES;
				"CODE_SIGN_IDENTITY[sdk=iphoneos*]" = "iPhone Developer";
				COPY_PHASE_STRIP = NO;
				DEBUG_INFORMATION_FORMAT = "dwarf-with-dsym";
				ENABLE_NS_ASSERTIONS = NO;
				ENABLE_STRICT_OBJC_MSGSEND = YES;
				GCC_C_LANGUAGE_STANDARD = gnu99;
				GCC_NO_COMMON_BLOCKS = YES;
				GCC_WARN_64_TO_32_BIT_CONVERSION = YES;
				GCC_WARN_ABOUT_RETURN_TYPE = YES_ERROR;
				GCC_WARN_UNDECLARED_SELECTOR = YES;
				GCC_WARN_UNINITIALIZED_AUTOS = YES_AGGRESSIVE;
				GCC_WARN_UNUSED_FUNCTION = YES;
				GCC_WARN_UNUSED_VARIABLE = YES;
				IPHONEOS_DEPLOYMENT_TARGET = 10.3;
				MTL_ENABLE_DEBUG_INFO = NO;
				SDKROOT = iphoneos;
				SWIFT_OPTIMIZATION_LEVEL = "-Owholemodule";
				VALIDATE_PRODUCT = YES;
			};
			name = Release;
		};
		F1ADCC271FBF91F000DCB57A /* Debug */ = {
			isa = XCBuildConfiguration;
			buildSettings = {
				ASSETCATALOG_COMPILER_APPICON_NAME = AppIcon;
				INFOPLIST_FILE = halfstep/Info.plist;
				LD_RUNPATH_SEARCH_PATHS = "$(inherited) @executable_path/Frameworks";
				PRODUCT_BUNDLE_IDENTIFIER = com.cs147.halfstep.halfstep;
				PRODUCT_NAME = "$(TARGET_NAME)";
				SWIFT_OPTIMIZATION_LEVEL = "-Onone";
				SWIFT_VERSION = 3.0;
			};
			name = Debug;
		};
		F1ADCC281FBF91F000DCB57A /* Release */ = {
			isa = XCBuildConfiguration;
			buildSettings = {
				ASSETCATALOG_COMPILER_APPICON_NAME = AppIcon;
				INFOPLIST_FILE = halfstep/Info.plist;
				LD_RUNPATH_SEARCH_PATHS = "$(inherited) @executable_path/Frameworks";
				PRODUCT_BUNDLE_IDENTIFIER = com.cs147.halfstep.halfstep;
				PRODUCT_NAME = "$(TARGET_NAME)";
				SWIFT_OPTIMIZATION_LEVEL = "-Onone";
				SWIFT_VERSION = 3.0;
			};
			name = Release;
		};
/* End XCBuildConfiguration section */

/* Begin XCConfigurationList section */
		F1ADCC0D1FBF91F000DCB57A /* Build configuration list for PBXProject "halfstep" */ = {
			isa = XCConfigurationList;
			buildConfigurations = (
				F1ADCC241FBF91F000DCB57A /* Debug */,
				F1ADCC251FBF91F000DCB57A /* Release */,
			);
			defaultConfigurationIsVisible = 0;
			defaultConfigurationName = Release;
		};
		F1ADCC261FBF91F000DCB57A /* Build configuration list for PBXNativeTarget "halfstep" */ = {
			isa = XCConfigurationList;
			buildConfigurations = (
				F1ADCC271FBF91F000DCB57A /* Debug */,
				F1ADCC281FBF91F000DCB57A /* Release */,
			);
			defaultConfigurationIsVisible = 0;
			defaultConfigurationName = Release;
		};
/* End XCConfigurationList section */

/* Begin XCVersionGroup section */
		F16D8E0D1FCF893600F53040 /* Model.xcdatamodeld */ = {
			isa = XCVersionGroup;
			children = (
				F16D8E0E1FCF893600F53040 /* Model.xcdatamodel */,
			);
			currentVersion = F16D8E0E1FCF893600F53040 /* Model.xcdatamodel */;
			path = Model.xcdatamodeld;
			sourceTree = "<group>";
			versionGroupType = wrapper.xcdatamodel;
		};
/* End XCVersionGroup section */
	};
	rootObject = F1ADCC0A1FBF91F000DCB57A /* Project object */;
}
